
Microsoft Visual Studio Solution File, Format Version 12.00
# Visual Studio Version 16
VisualStudioVersion = 16.0.30503.244
MinimumVisualStudioVersion = 10.0.40219.1
Project("{8BC9CEB8-8B4A-11D0-8D11-00A0C91BC942}") = "1 задание", "1 задание\1 задание.vcxproj", "{1490BA91-D306-4BEE-AAC9-CA9F8FE671B2}"
EndProject
Global
	GlobalSection(SolutionConfigurationPlatforms) = preSolution
		Debug|x64 = Debug|x64
		Debug|x86 = Debug|x86
		Release|x64 = Release|x64
		Release|x86 = Release|x86
	EndGlobalSection
	GlobalSection(ProjectConfigurationPlatforms) = postSolution
		{1490BA91-D306-4BEE-AAC9-CA9F8FE671B2}.Debug|x64.ActiveCfg = Debug|x64
		{1490BA91-D306-4BEE-AAC9-CA9F8FE671B2}.Debug|x64.Build.0 = Debug|x64
		{1490BA91-D306-4BEE-AAC9-CA9F8FE671B2}.Debug|x86.ActiveCfg = Debug|Win32
		{1490BA91-D306-4BEE-AAC9-CA9F8FE671B2}.Debug|x86.Build.0 = Debug|Win32
		{1490BA91-D306-4BEE-AAC9-CA9F8FE671B2}.Release|x64.ActiveCfg = Release|x64
		{1490BA91-D306-4BEE-AAC9-CA9F8FE671B2}.Release|x64.Build.0 = Release|x64
		{1490BA91-D306-4BEE-AAC9-CA9F8FE671B2}.Release|x86.ActiveCfg = Release|Win32
		{1490BA91-D306-4BEE-AAC9-CA9F8FE671B2}.Release|x86.Build.0 = Release|Win32
	EndGlobalSection
	GlobalSection(SolutionProperties) = preSolution
		HideSolutionNode = FALSE
	EndGlobalSection
	GlobalSection(ExtensibilityGlobals) = postSolution
		SolutionGuid = {1CABDF8D-E350-4A82-9872-7E7993E3A719}
	EndGlobalSection
EndGlobal
